
Microsoft Visual Studio Solution File, Format Version 12.00
# Visual Studio Version 17
VisualStudioVersion = 17.11.34929.205
MinimumVisualStudioVersion = 10.0.40219.1
Project("{FAE04EC0-301F-11D3-BF4B-00C04F79EFBC}") = "BackpackerOfLife.Blog.API", "BackpackerOfLife.Blog.API.csproj", "{35BFDAEB-2F20-410E-A336-5E8DC6B4A2BC}"
EndProject
Global
	GlobalSection(SolutionConfigurationPlatforms) = preSolution
		Debug|Any CPU = Debug|Any CPU
		Release|Any CPU = Release|Any CPU
	EndGlobalSection
	GlobalSection(ProjectConfigurationPlatforms) = postSolution
		{35BFDAEB-2F20-410E-A336-5E8DC6B4A2BC}.Debug|Any CPU.ActiveCfg = Debug|Any CPU
		{35BFDAEB-2F20-410E-A336-5E8DC6B4A2BC}.Debug|Any CPU.Build.0 = Debug|Any CPU
		{35BFDAEB-2F20-410E-A336-5E8DC6B4A2BC}.Release|Any CPU.ActiveCfg = Release|Any CPU
		{35BFDAEB-2F20-410E-A336-5E8DC6B4A2BC}.Release|Any CPU.Build.0 = Release|Any CPU
	EndGlobalSection
	GlobalSection(SolutionProperties) = preSolution
		HideSolutionNode = FALSE
	EndGlobalSection
	GlobalSection(ExtensibilityGlobals) = postSolution
		SolutionGuid = {0E7ACCFF-64EA-4E97-AD16-21344C03B644}
	EndGlobalSection
EndGlobal
